Microsoft Visual Studio Solution File, Format Version 11.00
# Visual Studio 2008

Project("{456400DD-BD34-73FC-2ADF-696B73C3C486}") = "NewVersion", "Assembly-CSharp.csproj", "{7BB18CF8-F845-37C5-809F-512BDEC9DE73}"
EndProject
Global
	GlobalSection(SolutionConfigurationPlatforms) = preSolution
		Debug|Any CPU = Debug|Any CPU
		Release|Any CPU = Release|Any CPU
	EndGlobalSection
	GlobalSection(ProjectConfigurationPlatforms) = postSolution
		{7BB18CF8-F845-37C5-809F-512BDEC9DE73}.Debug|Any CPU.ActiveCfg = Debug|Any CPU
		{7BB18CF8-F845-37C5-809F-512BDEC9DE73}.Debug|Any CPU.Build.0 = Debug|Any CPU
		{7BB18CF8-F845-37C5-809F-512BDEC9DE73}.Release|Any CPU.ActiveCfg = Release|Any CPU
		{7BB18CF8-F845-37C5-809F-512BDEC9DE73}.Release|Any CPU.Build.0 = Release|Any CPU
	EndGlobalSection
	GlobalSection(SolutionProperties) = preSolution
		HideSolutionNode = FALSE
	EndGlobalSection
																																																																																																															GlobalSection(MonoDevelopProperties) = preSolution
=======
																																																					GlobalSection(MonoDevelopProperties) = preSolution
>>>>>>> 0cf1f4a3a8bb56a1116d9a5a0a4d90fb8134f96a
=======
																																				GlobalSection(MonoDevelopProperties) = preSolution
>>>>>>> 741ce9086471165d6ba7bd6dd3ffc8d7502081d3
=======
							GlobalSection(MonoDevelopProperties) = preSolution
=======
									GlobalSection(MonoDevelopProperties) = preSolution
>>>>>>> 25a4bbda42e6f95fe4683627fdb34ab349ea15ca
=======
					GlobalSection(MonoDevelopProperties) = preSolution
>>>>>>> b5102959aae24e29dc4d3ad7eb3895054c5b323e
>>>>>>> origin/master
		StartupItem = Assembly-CSharp.csproj
		Policies = $0
		$0.TextStylePolicy = $1
		$1.inheritsSet = null
		$1.scope = text/x-csharp
		$0.CSharpFormattingPolicy = $2
		$2.inheritsSet = Mono
		$2.inheritsScope = text/x-csharp
		$2.scope = text/x-csharp
		$0.TextStylePolicy = $3
		$3.FileWidth = 120
		$3.TabWidth = 4
		$3.EolMarker = Unix
		$3.inheritsSet = Mono
		$3.inheritsScope = text/plain
		$3.scope = text/plain
	EndGlobalSection

EndGlobal
